
Microsoft Visual Studio Solution File, Format Version 12.00
# Visual Studio Version 17
VisualStudioVersion = 17.8.34309.116
MinimumVisualStudioVersion = 10.0.40219.1
Project("{9A19103F-16F7-4668-BE54-9A1E7A4F7556}") = "AgentSquad.Runner", "src\AgentSquad.Runner\AgentSquad.Runner.csproj", "{12345678-1234-1234-1234-123456789012}"
EndProject
Project("{2150E333-8FDC-42A3-9474-1A3956D46DE8}") = "tests", "tests", "{0AB3BF05-4346-4AA6-1389-037BE0695223}"
EndProject
Project("{FAE04EC0-301F-11D3-BF4B-00C04F79EFBC}") = "AgentSquad.Runner.UITests", "tests\AgentSquad.Runner.UITests\AgentSquad.Runner.UITests.csproj", "{65A53797-40D8-4C61-98E4-1A597820F730}"
EndProject
Global
	GlobalSection(SolutionConfigurationPlatforms) = preSolution
		Debug|Any CPU = Debug|Any CPU
		Debug|x64 = Debug|x64
		Debug|x86 = Debug|x86
		Release|Any CPU = Release|Any CPU
		Release|x64 = Release|x64
		Release|x86 = Release|x86
	EndGlobalSection
	GlobalSection(ProjectConfigurationPlatforms) = postSolution
		{12345678-1234-1234-1234-123456789012}.Debug|Any CPU.ActiveCfg = Debug|Any CPU
		{12345678-1234-1234-1234-123456789012}.Debug|Any CPU.Build.0 = Debug|Any CPU
		{12345678-1234-1234-1234-123456789012}.Debug|x64.ActiveCfg = Debug|Any CPU
		{12345678-1234-1234-1234-123456789012}.Debug|x64.Build.0 = Debug|Any CPU
		{12345678-1234-1234-1234-123456789012}.Debug|x86.ActiveCfg = Debug|Any CPU
		{12345678-1234-1234-1234-123456789012}.Debug|x86.Build.0 = Debug|Any CPU
		{12345678-1234-1234-1234-123456789012}.Release|Any CPU.ActiveCfg = Release|Any CPU
		{12345678-1234-1234-1234-123456789012}.Release|Any CPU.Build.0 = Release|Any CPU
		{12345678-1234-1234-1234-123456789012}.Release|x64.ActiveCfg = Release|Any CPU
		{12345678-1234-1234-1234-123456789012}.Release|x64.Build.0 = Release|Any CPU
		{12345678-1234-1234-1234-123456789012}.Release|x86.ActiveCfg = Release|Any CPU
		{12345678-1234-1234-1234-123456789012}.Release|x86.Build.0 = Release|Any CPU
		{65A53797-40D8-4C61-98E4-1A597820F730}.Debug|Any CPU.ActiveCfg = Debug|Any CPU
		{65A53797-40D8-4C61-98E4-1A597820F730}.Debug|Any CPU.Build.0 = Debug|Any CPU
		{65A53797-40D8-4C61-98E4-1A597820F730}.Debug|x64.ActiveCfg = Debug|Any CPU
		{65A53797-40D8-4C61-98E4-1A597820F730}.Debug|x64.Build.0 = Debug|Any CPU
		{65A53797-40D8-4C61-98E4-1A597820F730}.Debug|x86.ActiveCfg = Debug|Any CPU
		{65A53797-40D8-4C61-98E4-1A597820F730}.Debug|x86.Build.0 = Debug|Any CPU
		{65A53797-40D8-4C61-98E4-1A597820F730}.Release|Any CPU.ActiveCfg = Release|Any CPU
		{65A53797-40D8-4C61-98E4-1A597820F730}.Release|Any CPU.Build.0 = Release|Any CPU
		{65A53797-40D8-4C61-98E4-1A597820F730}.Release|x64.ActiveCfg = Release|Any CPU
		{65A53797-40D8-4C61-98E4-1A597820F730}.Release|x64.Build.0 = Release|Any CPU
		{65A53797-40D8-4C61-98E4-1A597820F730}.Release|x86.ActiveCfg = Release|Any CPU
		{65A53797-40D8-4C61-98E4-1A597820F730}.Release|x86.Build.0 = Release|Any CPU
	EndGlobalSection
	GlobalSection(SolutionProperties) = preSolution
		HideSolutionNode = FALSE
	EndGlobalSection
	GlobalSection(NestedProjects) = preSolution
		{65A53797-40D8-4C61-98E4-1A597820F730} = {0AB3BF05-4346-4AA6-1389-037BE0695223}
	EndGlobalSection
EndGlobal
