
Microsoft Visual Studio Solution File, Format Version 12.00
# Visual Studio Version 17
VisualStudioVersion = 17.0.31919.166
MinimumVisualStudioVersion = 10.0.40219.1
Project("{9A19103F-16F7-4668-BE54-9A1E7A4F7556}") = "AgentSquad.Runner", "src\AgentSquad.Runner\AgentSquad.Runner.csproj", "{9B5BC275-8A18-5C3C-1B8B-9E7852A4070C}"
EndProject
Project("{2150E333-8FDC-42A3-9474-1A3956D46DE8}") = "tests", "tests", "{0AB3BF05-4346-4AA6-1389-037BE0695223}"
EndProject
Project("{FAE04EC0-301F-11D3-BF4B-00C04F79EFBC}") = "AgentSquad.Runner.Tests", "tests\AgentSquad.Runner.Tests\AgentSquad.Runner.Tests.csproj", "{408BBD1B-C6C4-4F0A-A578-B8FCEEC197D8}"
EndProject
Project("{2150E333-8FDC-42A3-9474-1A3956D46DE8}") = "src", "src", "{827E0CD3-B72D-47B6-A68D-7590B98EB39B}"
EndProject
Project("{FAE04EC0-301F-11D3-BF4B-00C04F79EFBC}") = "AgentSquad.Runner.UITests", "tests\AgentSquad.Runner.UITests\AgentSquad.Runner.UITests.csproj", "{33ED98E8-739D-46B1-82A2-C10BA513B001}"
EndProject
Global
	GlobalSection(SolutionConfigurationPlatforms) = preSolution
		Debug|Any CPU = Debug|Any CPU
		Debug|x64 = Debug|x64
		Debug|x86 = Debug|x86
		Release|Any CPU = Release|Any CPU
		Release|x64 = Release|x64
		Release|x86 = Release|x86
	EndGlobalSection
	GlobalSection(ProjectConfigurationPlatforms) = postSolution
		{9B5BC275-8A18-5C3C-1B8B-9E7852A4070C}.Debug|x64.ActiveCfg = Debug|Any CPU
		{9B5BC275-8A18-5C3C-1B8B-9E7852A4070C}.Debug|x64.Build.0 = Debug|Any CPU
		{9B5BC275-8A18-5C3C-1B8B-9E7852A4070C}.Debug|x86.ActiveCfg = Debug|Any CPU
		{9B5BC275-8A18-5C3C-1B8B-9E7852A4070C}.Debug|x86.Build.0 = Debug|Any CPU
		{9B5BC275-8A18-5C3C-1B8B-9E7852A4070C}.Release|x64.ActiveCfg = Release|Any CPU
		{9B5BC275-8A18-5C3C-1B8B-9E7852A4070C}.Release|x64.Build.0 = Release|Any CPU
		{9B5BC275-8A18-5C3C-1B8B-9E7852A4070C}.Release|x86.ActiveCfg = Release|Any CPU
		{9B5BC275-8A18-5C3C-1B8B-9E7852A4070C}.Release|x86.Build.0 = Release|Any CPU
		{408BBD1B-C6C4-4F0A-A578-B8FCEEC197D8}.Debug|Any CPU.ActiveCfg = Debug|Any CPU
		{408BBD1B-C6C4-4F0A-A578-B8FCEEC197D8}.Debug|Any CPU.Build.0 = Debug|Any CPU
		{408BBD1B-C6C4-4F0A-A578-B8FCEEC197D8}.Debug|x64.ActiveCfg = Debug|Any CPU
		{408BBD1B-C6C4-4F0A-A578-B8FCEEC197D8}.Debug|x64.Build.0 = Debug|Any CPU
		{408BBD1B-C6C4-4F0A-A578-B8FCEEC197D8}.Debug|x86.ActiveCfg = Debug|Any CPU
		{408BBD1B-C6C4-4F0A-A578-B8FCEEC197D8}.Debug|x86.Build.0 = Debug|Any CPU
		{408BBD1B-C6C4-4F0A-A578-B8FCEEC197D8}.Release|Any CPU.ActiveCfg = Release|Any CPU
		{408BBD1B-C6C4-4F0A-A578-B8FCEEC197D8}.Release|Any CPU.Build.0 = Release|Any CPU
		{408BBD1B-C6C4-4F0A-A578-B8FCEEC197D8}.Release|x64.ActiveCfg = Release|Any CPU
		{408BBD1B-C6C4-4F0A-A578-B8FCEEC197D8}.Release|x64.Build.0 = Release|Any CPU
		{408BBD1B-C6C4-4F0A-A578-B8FCEEC197D8}.Release|x86.ActiveCfg = Release|Any CPU
		{408BBD1B-C6C4-4F0A-A578-B8FCEEC197D8}.Release|x86.Build.0 = Release|Any CPU
		{33ED98E8-739D-46B1-82A2-C10BA513B001}.Debug|Any CPU.ActiveCfg = Debug|Any CPU
		{33ED98E8-739D-46B1-82A2-C10BA513B001}.Debug|Any CPU.Build.0 = Debug|Any CPU
		{33ED98E8-739D-46B1-82A2-C10BA513B001}.Debug|x64.ActiveCfg = Debug|Any CPU
		{33ED98E8-739D-46B1-82A2-C10BA513B001}.Debug|x64.Build.0 = Debug|Any CPU
		{33ED98E8-739D-46B1-82A2-C10BA513B001}.Debug|x86.ActiveCfg = Debug|Any CPU
		{33ED98E8-739D-46B1-82A2-C10BA513B001}.Debug|x86.Build.0 = Debug|Any CPU
		{33ED98E8-739D-46B1-82A2-C10BA513B001}.Release|Any CPU.ActiveCfg = Release|Any CPU
		{33ED98E8-739D-46B1-82A2-C10BA513B001}.Release|Any CPU.Build.0 = Release|Any CPU
		{33ED98E8-739D-46B1-82A2-C10BA513B001}.Release|x64.ActiveCfg = Release|Any CPU
		{33ED98E8-739D-46B1-82A2-C10BA513B001}.Release|x64.Build.0 = Release|Any CPU
		{33ED98E8-739D-46B1-82A2-C10BA513B001}.Release|x86.ActiveCfg = Release|Any CPU
		{33ED98E8-739D-46B1-82A2-C10BA513B001}.Release|x86.Build.0 = Release|Any CPU
	EndGlobalSection
	GlobalSection(SolutionProperties) = preSolution
		HideSolutionNode = FALSE
	EndGlobalSection
	GlobalSection(NestedProjects) = preSolution
		{408BBD1B-C6C4-4F0A-A578-B8FCEEC197D8} = {0AB3BF05-4346-4AA6-1389-037BE0695223}
		{33ED98E8-739D-46B1-82A2-C10BA513B001} = {0AB3BF05-4346-4AA6-1389-037BE0695223}
	EndGlobalSection
EndGlobal
